
Microsoft Visual Studio Solution File, Format Version 12.00
# Visual Studio Version 17
VisualStudioVersion = 17.11.35327.3
MinimumVisualStudioVersion = 10.0.40219.1
Project("{8BC9CEB8-8B4A-11D0-8D11-00A0C91BC942}") = "ImGui-Internal-DX9-Base", "ImGui-Internal-DX9-Base\ImGui-Internal-DX9-Base.vcxproj", "{93AD4C7E-343A-4DA2-B95F-9306B22CA5BB}"
EndProject
Global
	GlobalSection(SolutionConfigurationPlatforms) = preSolution
		Debug|x64 = Debug|x64
		Debug|x86 = Debug|x86
		Release|x64 = Release|x64
		Release|x86 = Release|x86
	EndGlobalSection
	GlobalSection(ProjectConfigurationPlatforms) = postSolution
		{93AD4C7E-343A-4DA2-B95F-9306B22CA5BB}.Debug|x64.ActiveCfg = Debug|x64
		{93AD4C7E-343A-4DA2-B95F-9306B22CA5BB}.Debug|x64.Build.0 = Debug|x64
		{93AD4C7E-343A-4DA2-B95F-9306B22CA5BB}.Debug|x86.ActiveCfg = Debug|Win32
		{93AD4C7E-343A-4DA2-B95F-9306B22CA5BB}.Debug|x86.Build.0 = Debug|Win32
		{93AD4C7E-343A-4DA2-B95F-9306B22CA5BB}.Release|x64.ActiveCfg = Release|x64
		{93AD4C7E-343A-4DA2-B95F-9306B22CA5BB}.Release|x64.Build.0 = Release|x64
		{93AD4C7E-343A-4DA2-B95F-9306B22CA5BB}.Release|x86.ActiveCfg = Release|Win32
		{93AD4C7E-343A-4DA2-B95F-9306B22CA5BB}.Release|x86.Build.0 = Release|Win32
	EndGlobalSection
	GlobalSection(SolutionProperties) = preSolution
		HideSolutionNode = FALSE
	EndGlobalSection
	GlobalSection(ExtensibilityGlobals) = postSolution
		SolutionGuid = {1C9366C0-89C0-4B78-A7A4-28F51730A320}
	EndGlobalSection
EndGlobal
